
Microsoft Visual Studio Solution File, Format Version 12.00
# Visual Studio Version 17
VisualStudioVersion = 17.6.33712.159
MinimumVisualStudioVersion = 10.0.40219.1
Project("{8BC9CEB8-8B4A-11D0-8D11-00A0C91BC942}") = "Stacks and Queues", "Stacks and Queues.vcxproj", "{9047C305-94D3-4F71-AFFA-CE2D12B12CA7}"
EndProject
Global
	GlobalSection(SolutionConfigurationPlatforms) = preSolution
		Debug|x64 = Debug|x64
		Debug|x86 = Debug|x86
		Release|x64 = Release|x64
		Release|x86 = Release|x86
	EndGlobalSection
	GlobalSection(ProjectConfigurationPlatforms) = postSolution
		{9047C305-94D3-4F71-AFFA-CE2D12B12CA7}.Debug|x64.ActiveCfg = Debug|x64
		{9047C305-94D3-4F71-AFFA-CE2D12B12CA7}.Debug|x64.Build.0 = Debug|x64
		{9047C305-94D3-4F71-AFFA-CE2D12B12CA7}.Debug|x86.ActiveCfg = Debug|Win32
		{9047C305-94D3-4F71-AFFA-CE2D12B12CA7}.Debug|x86.Build.0 = Debug|Win32
		{9047C305-94D3-4F71-AFFA-CE2D12B12CA7}.Release|x64.ActiveCfg = Release|x64
		{9047C305-94D3-4F71-AFFA-CE2D12B12CA7}.Release|x64.Build.0 = Release|x64
		{9047C305-94D3-4F71-AFFA-CE2D12B12CA7}.Release|x86.ActiveCfg = Release|Win32
		{9047C305-94D3-4F71-AFFA-CE2D12B12CA7}.Release|x86.Build.0 = Release|Win32
	EndGlobalSection
	GlobalSection(SolutionProperties) = preSolution
		HideSolutionNode = FALSE
	EndGlobalSection
	GlobalSection(ExtensibilityGlobals) = postSolution
		SolutionGuid = {B2770BC5-F4C7-4EE4-817C-C0F3D904F435}
	EndGlobalSection
EndGlobal
